// !$*UTF8*$!
{
	archiveVersion = 1;
	classes = {
	};
	objectVersion = 77;
	objects = {

/* Begin PBXBuildFile section */
		54149F332CE3B0E50083C342 /* SnapKit in Frameworks */ = {isa = PBXBuildFile; productRef = 54149F322CE3B0E50083C342 /* SnapKit */; };
		54149F402CE3BC4E0083C342 /* FirebaseAnalytics in Frameworks */ = {isa = PBXBuildFile; productRef = 54149F3F2CE3BC4E0083C342 /* FirebaseAnalytics */; };
		54149F422CE3BC4E0083C342 /* FirebaseAuth in Frameworks */ = {isa = PBXBuildFile; productRef = 54149F412CE3BC4E0083C342 /* FirebaseAuth */; };
		54149F442CE3BC4E0083C342 /* FirebaseAuthCombine-Community in Frameworks */ = {isa = PBXBuildFile; productRef = 54149F432CE3BC4E0083C342 /* FirebaseAuthCombine-Community */; };
		54149F462CE3BC4E0083C342 /* FirebaseCore in Frameworks */ = {isa = PBXBuildFile; productRef = 54149F452CE3BC4E0083C342 /* FirebaseCore */; };
		54149F482CE3BC4E0083C342 /* FirebaseCrashlytics in Frameworks */ = {isa = PBXBuildFile; productRef = 54149F472CE3BC4E0083C342 /* FirebaseCrashlytics */; };
		54149F4A2CE3BC4E0083C342 /* FirebaseDatabase in Frameworks */ = {isa = PBXBuildFile; productRef = 54149F492CE3BC4E0083C342 /* FirebaseDatabase */; };
		54149F4C2CE3BC4E0083C342 /* FirebaseFirestore in Frameworks */ = {isa = PBXBuildFile; productRef = 54149F4B2CE3BC4E0083C342 /* FirebaseFirestore */; };
		54149F4E2CE3BC4E0083C342 /* FirebaseFirestoreCombine-Community in Frameworks */ = {isa = PBXBuildFile; productRef = 54149F4D2CE3BC4E0083C342 /* FirebaseFirestoreCombine-Community */; };
		54149F502CE3BC4E0083C342 /* FirebaseInAppMessaging-Beta in Frameworks */ = {isa = PBXBuildFile; productRef = 54149F4F2CE3BC4E0083C342 /* FirebaseInAppMessaging-Beta */; };
		54149F522CE3BC4E0083C342 /* FirebaseMessaging in Frameworks */ = {isa = PBXBuildFile; productRef = 54149F512CE3BC4E0083C342 /* FirebaseMessaging */; };
		54149F542CE3BC4E0083C342 /* FirebasePerformance in Frameworks */ = {isa = PBXBuildFile; productRef = 54149F532CE3BC4E0083C342 /* FirebasePerformance */; };
/* End PBXBuildFile section */

/* Begin PBXFileReference section */
		54149F022CE38D330083C342 /* ChatApp-ProgrammaticUI-MVVM.app */ = {isa = PBXFileReference; explicitFileType = wrapper.application; includeInIndex = 0; path = "ChatApp-ProgrammaticUI-MVVM.app"; sourceTree = BUILT_PRODUCTS_DIR; };
/* End PBXFileReference section */

/* Begin PBXFileSystemSynchronizedBuildFileExceptionSet section */
		54149F142CE38D360083C342 /* Exceptions for "ChatApp-ProgrammaticUI-MVVM" folder in "ChatApp-ProgrammaticUI-MVVM" target */ = {
			isa = PBXFileSystemSynchronizedBuildFileExceptionSet;
			membershipExceptions = (
				Info.plist,
			);
			target = 54149F012CE38D330083C342 /* ChatApp-ProgrammaticUI-MVVM */;
		};
/* End PBXFileSystemSynchronizedBuildFileExceptionSet section */

/* Begin PBXFileSystemSynchronizedRootGroup section */
		54149F042CE38D330083C342 /* ChatApp-ProgrammaticUI-MVVM */ = {
			isa = PBXFileSystemSynchronizedRootGroup;
			exceptions = (
				54149F142CE38D360083C342 /* Exceptions for "ChatApp-ProgrammaticUI-MVVM" folder in "ChatApp-ProgrammaticUI-MVVM" target */,
			);
			path = "ChatApp-ProgrammaticUI-MVVM";
			sourceTree = "<group>";
		};
/* End PBXFileSystemSynchronizedRootGroup section */

/* Begin PBXFrameworksBuildPhase section */
		54149EFF2CE38D330083C342 /* Frameworks */ = {
			isa = PBXFrameworksBuildPhase;
			buildActionMask = 2147483647;
			files = (
				54149F402CE3BC4E0083C342 /* FirebaseAnalytics in Frameworks */,
				54149F462CE3BC4E0083C342 /* FirebaseCore in Frameworks */,
				54149F542CE3BC4E0083C342 /* FirebasePerformance in Frameworks */,
				54149F422CE3BC4E0083C342 /* FirebaseAuth in Frameworks */,
				54149F4E2CE3BC4E0083C342 /* FirebaseFirestoreCombine-Community in Frameworks */,
				54149F482CE3BC4E0083C342 /* FirebaseCrashlytics in Frameworks */,
				54149F332CE3B0E50083C342 /* SnapKit in Frameworks */,
				54149F4C2CE3BC4E0083C342 /* FirebaseFirestore in Frameworks */,
				54149F4A2CE3BC4E0083C342 /* FirebaseDatabase in Frameworks */,
				54149F442CE3BC4E0083C342 /* FirebaseAuthCombine-Community in Frameworks */,
				54149F522CE3BC4E0083C342 /* FirebaseMessaging in Frameworks */,
				54149F502CE3BC4E0083C342 /* FirebaseInAppMessaging-Beta in Frameworks */,
			);
			runOnlyForDeploymentPostprocessing = 0;
		};
/* End PBXFrameworksBuildPhase section */

/* Begin PBXGroup section */
		54149EF92CE38D330083C342 = {
			isa = PBXGroup;
			children = (
				54149F042CE38D330083C342 /* ChatApp-ProgrammaticUI-MVVM */,
				54149F032CE38D330083C342 /* Products */,
			);
			sourceTree = "<group>";
		};
		54149F032CE38D330083C342 /* Products */ = {
			isa = PBXGroup;
			children = (
				54149F022CE38D330083C342 /* ChatApp-ProgrammaticUI-MVVM.app */,
			);
			name = Products;
			sourceTree = "<group>";
		};
/* End PBXGroup section */

/* Begin PBXNativeTarget section */
		54149F012CE38D330083C342 /* ChatApp-ProgrammaticUI-MVVM */ = {
			isa = PBXNativeTarget;
			buildConfigurationList = 54149F152CE38D360083C342 /* Build configuration list for PBXNativeTarget "ChatApp-ProgrammaticUI-MVVM" */;
			buildPhases = (
				54149EFE2CE38D330083C342 /* Sources */,
				54149EFF2CE38D330083C342 /* Frameworks */,
				54149F002CE38D330083C342 /* Resources */,
			);
			buildRules = (
			);
			dependencies = (
			);
			fileSystemSynchronizedGroups = (
				54149F042CE38D330083C342 /* ChatApp-ProgrammaticUI-MVVM */,
			);
			name = "ChatApp-ProgrammaticUI-MVVM";
			packageProductDependencies = (
				54149F322CE3B0E50083C342 /* SnapKit */,
				54149F3F2CE3BC4E0083C342 /* FirebaseAnalytics */,
				54149F412CE3BC4E0083C342 /* FirebaseAuth */,
				54149F432CE3BC4E0083C342 /* FirebaseAuthCombine-Community */,
				54149F452CE3BC4E0083C342 /* FirebaseCore */,
				54149F472CE3BC4E0083C342 /* FirebaseCrashlytics */,
				54149F492CE3BC4E0083C342 /* FirebaseDatabase */,
				54149F4B2CE3BC4E0083C342 /* FirebaseFirestore */,
				54149F4D2CE3BC4E0083C342 /* FirebaseFirestoreCombine-Community */,
				54149F4F2CE3BC4E0083C342 /* FirebaseInAppMessaging-Beta */,
				54149F512CE3BC4E0083C342 /* FirebaseMessaging */,
				54149F532CE3BC4E0083C342 /* FirebasePerformance */,
			);
			productName = "ChatApp-ProgrammaticUI-MVVM";
			productReference = 54149F022CE38D330083C342 /* ChatApp-ProgrammaticUI-MVVM.app */;
			productType = "com.apple.product-type.application";
		};
/* End PBXNativeTarget section */

/* Begin PBXProject section */
		54149EFA2CE38D330083C342 /* Project object */ = {
			isa = PBXProject;
			attributes = {
				BuildIndependentTargetsInParallel = 1;
				LastSwiftUpdateCheck = 1610;
				LastUpgradeCheck = 1610;
				TargetAttributes = {
					54149F012CE38D330083C342 = {
						CreatedOnToolsVersion = 16.1;
					};
				};
			};
			buildConfigurationList = 54149EFD2CE38D330083C342 /* Build configuration list for PBXProject "ChatApp-ProgrammaticUI-MVVM" */;
			developmentRegion = en;
			hasScannedForEncodings = 0;
			knownRegions = (
				en,
				Base,
			);
			mainGroup = 54149EF92CE38D330083C342;
			minimizedProjectReferenceProxies = 1;
			packageReferences = (
				54149F312CE3B0E50083C342 /* XCRemoteSwiftPackageReference "SnapKit" */,
				54149F3E2CE3BC4E0083C342 /* XCRemoteSwiftPackageReference "firebase-ios-sdk" */,
			);
			preferredProjectObjectVersion = 77;
			productRefGroup = 54149F032CE38D330083C342 /* Products */;
			projectDirPath = "";
			projectRoot = "";
			targets = (
				54149F012CE38D330083C342 /* ChatApp-ProgrammaticUI-MVVM */,
			);
		};
/* End PBXProject section */

/* Begin PBXResourcesBuildPhase section */
		54149F002CE38D330083C342 /* Resources */ = {
			isa = PBXResourcesBuildPhase;
			buildActionMask = 2147483647;
			files = (
			);
			runOnlyForDeploymentPostprocessing = 0;
		};
/* End PBXResourcesBuildPhase section */

/* Begin PBXSourcesBuildPhase section */
		54149EFE2CE38D330083C342 /* Sources */ = {
			isa = PBXSourcesBuildPhase;
			buildActionMask = 2147483647;
			files = (
			);
			runOnlyForDeploymentPostprocessing = 0;
		};
/* End PBXSourcesBuildPhase section */

/* Begin XCBuildConfiguration section */
		54149F162CE38D360083C342 /* Debug */ = {
			isa = XCBuildConfiguration;
			buildSettings = {
				ASSETCATALOG_COMPILER_APPICON_NAME = AppIcon;
				ASSETCATALOG_COMPILER_GLOBAL_ACCENT_COLOR_NAME = AccentColor;
				CODE_SIGN_STYLE = Automatic;
				CURRENT_PROJECT_VERSION = 1;
				DEVELOPMENT_TEAM = 782YR4KUB9;
				GENERATE_INFOPLIST_FILE = YES;
				INFOPLIST_FILE = "ChatApp-ProgrammaticUI-MVVM/Info.plist";
				INFOPLIST_KEY_UIApplicationSupportsIndirectInputEvents = YES;
				INFOPLIST_KEY_UILaunchStoryboardName = LaunchScreen;
				INFOPLIST_KEY_UIMainStoryboardFile = "";
				INFOPLIST_KEY_UISupportedInterfaceOrientations_iPad = "UIInterfaceOrientationPortrait UIInterfaceOrientationPortraitUpsideDown UIInterfaceOrientationLandscapeLeft UIInterfaceOrientationLandscapeRight";
				INFOPLIST_KEY_UISupportedInterfaceOrientations_iPhone = "UIInterfaceOrientationPortrait UIInterfaceOrientationLandscapeLeft UIInterfaceOrientationLandscapeRight";
				LD_RUNPATH_SEARCH_PATHS = (
					"$(inherited)",
					"@executable_path/Frameworks",
				);
				MARKETING_VERSION = 1.0;
				PRODUCT_BUNDLE_IDENTIFIER = "com.bayramyelec.ChatApp-ProgrammaticUI-MVVM";
				PRODUCT_NAME = "$(TARGET_NAME)";
				SUPPORTED_PLATFORMS = "iphoneos iphonesimulator";
				SUPPORTS_MACCATALYST = NO;
				SUPPORTS_MAC_DESIGNED_FOR_IPHONE_IPAD = NO;
				SUPPORTS_XR_DESIGNED_FOR_IPHONE_IPAD = NO;
				SWIFT_EMIT_LOC_STRINGS = YES;
				SWIFT_VERSION = 5.0;
				TARGETED_DEVICE_FAMILY = "1,2";
			};
			name = Debug;
		};
		54149F172CE38D360083C342 /* Release */ = {
			isa = XCBuildConfiguration;
			buildSettings = {
				ASSETCATALOG_COMPILER_APPICON_NAME = AppIcon;
				ASSETCATALOG_COMPILER_GLOBAL_ACCENT_COLOR_NAME = AccentColor;
				CODE_SIGN_STYLE = Automatic;
				CURRENT_PROJECT_VERSION = 1;
				DEVELOPMENT_TEAM = 782YR4KUB9;
				GENERATE_INFOPLIST_FILE = YES;
				INFOPLIST_FILE = "ChatApp-ProgrammaticUI-MVVM/Info.plist";
				INFOPLIST_KEY_UIApplicationSupportsIndirectInputEvents = YES;
				INFOPLIST_KEY_UILaunchStoryboardName = LaunchScreen;
				INFOPLIST_KEY_UIMainStoryboardFile = "";
				INFOPLIST_KEY_UISupportedInterfaceOrientations_iPad = "UIInterfaceOrientationPortrait UIInterfaceOrientationPortraitUpsideDown UIInterfaceOrientationLandscapeLeft UIInterfaceOrientationLandscapeRight";
				INFOPLIST_KEY_UISupportedInterfaceOrientations_iPhone = "UIInterfaceOrientationPortrait UIInterfaceOrientationLandscapeLeft UIInterfaceOrientationLandscapeRight";
				LD_RUNPATH_SEARCH_PATHS = (
					"$(inherited)",
					"@executable_path/Frameworks",
				);
				MARKETING_VERSION = 1.0;
				PRODUCT_BUNDLE_IDENTIFIER = "com.bayramyelec.ChatApp-ProgrammaticUI-MVVM";
				PRODUCT_NAME = "$(TARGET_NAME)";
				SUPPORTED_PLATFORMS = "iphoneos iphonesimulator";
				SUPPORTS_MACCATALYST = NO;
				SUPPORTS_MAC_DESIGNED_FOR_IPHONE_IPAD = NO;
				SUPPORTS_XR_DESIGNED_FOR_IPHONE_IPAD = NO;
				SWIFT_EMIT_LOC_STRINGS = YES;
				SWIFT_VERSION = 5.0;
				TARGETED_DEVICE_FAMILY = "1,2";
			};
			name = Release;
		};
		54149F182CE38D360083C342 /* Debug */ = {
			isa = XCBuildConfiguration;
			buildSettings = {
				ALWAYS_SEARCH_USER_PATHS = NO;
				ASSETCATALOG_COMPILER_GENERATE_SWIFT_ASSET_SYMBOL_EXTENSIONS = YES;
				CLANG_ANALYZER_NONNULL = YES;
				CLANG_ANALYZER_NUMBER_OBJECT_CONVERSION = YES_AGGRESSIVE;
				CLANG_CXX_LANGUAGE_STANDARD = "gnu++20";
				CLANG_ENABLE_MODULES = YES;
				CLANG_ENABLE_OBJC_ARC = YES;
				CLANG_ENABLE_OBJC_WEAK = YES;
				CLANG_WARN_BLOCK_CAPTURE_AUTORELEASING = YES;
				CLANG_WARN_BOOL_CONVERSION = YES;
				CLANG_WARN_COMMA = YES;
				CLANG_WARN_CONSTANT_CONVERSION = YES;
				CLANG_WARN_DEPRECATED_OBJC_IMPLEMENTATIONS = YES;
				CLANG_WARN_DIRECT_OBJC_ISA_USAGE = YES_ERROR;
				CLANG_WARN_DOCUMENTATION_COMMENTS = YES;
				CLANG_WARN_EMPTY_BODY = YES;
				CLANG_WARN_ENUM_CONVERSION = YES;
				CLANG_WARN_INFINITE_RECURSION = YES;
				CLANG_WARN_INT_CONVERSION = YES;
				CLANG_WARN_NON_LITERAL_NULL_CONVERSION = YES;
				CLANG_WARN_OBJC_IMPLICIT_RETAIN_SELF = YES;
				CLANG_WARN_OBJC_LITERAL_CONVERSION = YES;
				CLANG_WARN_OBJC_ROOT_CLASS = YES_ERROR;
				CLANG_WARN_QUOTED_INCLUDE_IN_FRAMEWORK_HEADER = YES;
				CLANG_WARN_RANGE_LOOP_ANALYSIS = YES;
				CLANG_WARN_STRICT_PROTOTYPES = YES;
				CLANG_WARN_SUSPICIOUS_MOVE = YES;
				CLANG_WARN_UNGUARDED_AVAILABILITY = YES_AGGRESSIVE;
				CLANG_WARN_UNREACHABLE_CODE = YES;
				CLANG_WARN__DUPLICATE_METHOD_MATCH = YES;
				COPY_PHASE_STRIP = NO;
				DEBUG_INFORMATION_FORMAT = dwarf;
				ENABLE_STRICT_OBJC_MSGSEND = YES;
				ENABLE_TESTABILITY = YES;
				ENABLE_USER_SCRIPT_SANDBOXING = YES;
				GCC_C_LANGUAGE_STANDARD = gnu17;
				GCC_DYNAMIC_NO_PIC = NO;
				GCC_NO_COMMON_BLOCKS = YES;
				GCC_OPTIMIZATION_LEVEL = 0;
				GCC_PREPROCESSOR_DEFINITIONS = (
					"DEBUG=1",
					"$(inherited)",
				);
				GCC_WARN_64_TO_32_BIT_CONVERSION = YES;
				GCC_WARN_ABOUT_RETURN_TYPE = YES_ERROR;
				GCC_WARN_UNDECLARED_SELECTOR = YES;
				GCC_WARN_UNINITIALIZED_AUTOS = YES_AGGRESSIVE;
				GCC_WARN_UNUSED_FUNCTION = YES;
				GCC_WARN_UNUSED_VARIABLE = YES;
				IPHONEOS_DEPLOYMENT_TARGET = 18.1;
				LOCALIZATION_PREFERS_STRING_CATALOGS = YES;
				MTL_ENABLE_DEBUG_INFO = INCLUDE_SOURCE;
				MTL_FAST_MATH = YES;
				ONLY_ACTIVE_ARCH = YES;
				SDKROOT = iphoneos;
				SWIFT_ACTIVE_COMPILATION_CONDITIONS = "DEBUG $(inherited)";
				SWIFT_OPTIMIZATION_LEVEL = "-Onone";
			};
			name = Debug;
		};
		54149F192CE38D360083C342 /* Release */ = {
			isa = XCBuildConfiguration;
			buildSettings = {
				ALWAYS_SEARCH_USER_PATHS = NO;
				ASSETCATALOG_COMPILER_GENERATE_SWIFT_ASSET_SYMBOL_EXTENSIONS = YES;
				CLANG_ANALYZER_NONNULL = YES;
				CLANG_ANALYZER_NUMBER_OBJECT_CONVERSION = YES_AGGRESSIVE;
				CLANG_CXX_LANGUAGE_STANDARD = "gnu++20";
				CLANG_ENABLE_MODULES = YES;
				CLANG_ENABLE_OBJC_ARC = YES;
				CLANG_ENABLE_OBJC_WEAK = YES;
				CLANG_WARN_BLOCK_CAPTURE_AUTORELEASING = YES;
				CLANG_WARN_BOOL_CONVERSION = YES;
				CLANG_WARN_COMMA = YES;
				CLANG_WARN_CONSTANT_CONVERSION = YES;
				CLANG_WARN_DEPRECATED_OBJC_IMPLEMENTATIONS = YES;
				CLANG_WARN_DIRECT_OBJC_ISA_USAGE = YES_ERROR;
				CLANG_WARN_DOCUMENTATION_COMMENTS = YES;
				CLANG_WARN_EMPTY_BODY = YES;
				CLANG_WARN_ENUM_CONVERSION = YES;
				CLANG_WARN_INFINITE_RECURSION = YES;
				CLANG_WARN_INT_CONVERSION = YES;
				CLANG_WARN_NON_LITERAL_NULL_CONVERSION = YES;
				CLANG_WARN_OBJC_IMPLICIT_RETAIN_SELF = YES;
				CLANG_WARN_OBJC_LITERAL_CONVERSION = YES;
				CLANG_WARN_OBJC_ROOT_CLASS = YES_ERROR;
				CLANG_WARN_QUOTED_INCLUDE_IN_FRAMEWORK_HEADER = YES;
				CLANG_WARN_RANGE_LOOP_ANALYSIS = YES;
				CLANG_WARN_STRICT_PROTOTYPES = YES;
				CLANG_WARN_SUSPICIOUS_MOVE = YES;
				CLANG_WARN_UNGUARDED_AVAILABILITY = YES_AGGRESSIVE;
				CLANG_WARN_UNREACHABLE_CODE = YES;
				CLANG_WARN__DUPLICATE_METHOD_MATCH = YES;
				COPY_PHASE_STRIP = NO;
				DEBUG_INFORMATION_FORMAT = "dwarf-with-dsym";
				ENABLE_NS_ASSERTIONS = NO;
				ENABLE_STRICT_OBJC_MSGSEND = YES;
				ENABLE_USER_SCRIPT_SANDBOXING = YES;
				GCC_C_LANGUAGE_STANDARD = gnu17;
				GCC_NO_COMMON_BLOCKS = YES;
				GCC_WARN_64_TO_32_BIT_CONVERSION = YES;
				GCC_WARN_ABOUT_RETURN_TYPE = YES_ERROR;
				GCC_WARN_UNDECLARED_SELECTOR = YES;
				GCC_WARN_UNINITIALIZED_AUTOS = YES_AGGRESSIVE;
				GCC_WARN_UNUSED_FUNCTION = YES;
				GCC_WARN_UNUSED_VARIABLE = YES;
				IPHONEOS_DEPLOYMENT_TARGET = 18.1;
				LOCALIZATION_PREFERS_STRING_CATALOGS = YES;
				MTL_ENABLE_DEBUG_INFO = NO;
				MTL_FAST_MATH = YES;
				SDKROOT = iphoneos;
				SWIFT_COMPILATION_MODE = wholemodule;
				VALIDATE_PRODUCT = YES;
			};
			name = Release;
		};
/* End XCBuildConfiguration section */

/* Begin XCConfigurationList section */
		54149EFD2CE38D330083C342 /* Build configuration list for PBXProject "ChatApp-ProgrammaticUI-MVVM" */ = {
			isa = XCConfigurationList;
			buildConfigurations = (
				54149F182CE38D360083C342 /* Debug */,
				54149F192CE38D360083C342 /* Release */,
			);
			defaultConfigurationIsVisible = 0;
			defaultConfigurationName = Release;
		};
		54149F152CE38D360083C342 /* Build configuration list for PBXNativeTarget "ChatApp-ProgrammaticUI-MVVM" */ = {
			isa = XCConfigurationList;
			buildConfigurations = (
				54149F162CE38D360083C342 /* Debug */,
				54149F172CE38D360083C342 /* Release */,
			);
			defaultConfigurationIsVisible = 0;
			defaultConfigurationName = Release;
		};
/* End XCConfigurationList section */

/* Begin XCRemoteSwiftPackageReference section */
		54149F312CE3B0E50083C342 /* XCRemoteSwiftPackageReference "SnapKit" */ = {
			isa = XCRemoteSwiftPackageReference;
			repositoryURL = "https://github.com/SnapKit/SnapKit";
			requirement = {
				kind = upToNextMajorVersion;
				minimumVersion = 5.7.1;
			};
		};
		54149F3E2CE3BC4E0083C342 /* XCRemoteSwiftPackageReference "firebase-ios-sdk" */ = {
			isa = XCRemoteSwiftPackageReference;
			repositoryURL = "https://github.com/firebase/firebase-ios-sdk";
			requirement = {
				kind = upToNextMajorVersion;
				minimumVersion = 11.4.0;
			};
		};
/* End XCRemoteSwiftPackageReference section */

/* Begin XCSwiftPackageProductDependency section */
		54149F322CE3B0E50083C342 /* SnapKit */ = {
			isa = XCSwiftPackageProductDependency;
			package = 54149F312CE3B0E50083C342 /* XCRemoteSwiftPackageReference "SnapKit" */;
			productName = SnapKit;
		};
		54149F3F2CE3BC4E0083C342 /* FirebaseAnalytics */ = {
			isa = XCSwiftPackageProductDependency;
			package = 54149F3E2CE3BC4E0083C342 /* XCRemoteSwiftPackageReference "firebase-ios-sdk" */;
			productName = FirebaseAnalytics;
		};
		54149F412CE3BC4E0083C342 /* FirebaseAuth */ = {
			isa = XCSwiftPackageProductDependency;
			package = 54149F3E2CE3BC4E0083C342 /* XCRemoteSwiftPackageReference "firebase-ios-sdk" */;
			productName = FirebaseAuth;
		};
		54149F432CE3BC4E0083C342 /* FirebaseAuthCombine-Community */ = {
			isa = XCSwiftPackageProductDependency;
			package = 54149F3E2CE3BC4E0083C342 /* XCRemoteSwiftPackageReference "firebase-ios-sdk" */;
			productName = "FirebaseAuthCombine-Community";
		};
		54149F452CE3BC4E0083C342 /* FirebaseCore */ = {
			isa = XCSwiftPackageProductDependency;
			package = 54149F3E2CE3BC4E0083C342 /* XCRemoteSwiftPackageReference "firebase-ios-sdk" */;
			productName = FirebaseCore;
		};
		54149F472CE3BC4E0083C342 /* FirebaseCrashlytics */ = {
			isa = XCSwiftPackageProductDependency;
			package = 54149F3E2CE3BC4E0083C342 /* XCRemoteSwiftPackageReference "firebase-ios-sdk" */;
			productName = FirebaseCrashlytics;
		};
		54149F492CE3BC4E0083C342 /* FirebaseDatabase */ = {
			isa = XCSwiftPackageProductDependency;
			package = 54149F3E2CE3BC4E0083C342 /* XCRemoteSwiftPackageReference "firebase-ios-sdk" */;
			productName = FirebaseDatabase;
		};
		54149F4B2CE3BC4E0083C342 /* FirebaseFirestore */ = {
			isa = XCSwiftPackageProductDependency;
			package = 54149F3E2CE3BC4E0083C342 /* XCRemoteSwiftPackageReference "firebase-ios-sdk" */;
			productName = FirebaseFirestore;
		};
		54149F4D2CE3BC4E0083C342 /* FirebaseFirestoreCombine-Community */ = {
			isa = XCSwiftPackageProductDependency;
			package = 54149F3E2CE3BC4E0083C342 /* XCRemoteSwiftPackageReference "firebase-ios-sdk" */;
			productName = "FirebaseFirestoreCombine-Community";
		};
		54149F4F2CE3BC4E0083C342 /* FirebaseInAppMessaging-Beta */ = {
			isa = XCSwiftPackageProductDependency;
			package = 54149F3E2CE3BC4E0083C342 /* XCRemoteSwiftPackageReference "firebase-ios-sdk" */;
			productName = "FirebaseInAppMessaging-Beta";
		};
		54149F512CE3BC4E0083C342 /* FirebaseMessaging */ = {
			isa = XCSwiftPackageProductDependency;
			package = 54149F3E2CE3BC4E0083C342 /* XCRemoteSwiftPackageReference "firebase-ios-sdk" */;
			productName = FirebaseMessaging;
		};
		54149F532CE3BC4E0083C342 /* FirebasePerformance */ = {
			isa = XCSwiftPackageProductDependency;
			package = 54149F3E2CE3BC4E0083C342 /* XCRemoteSwiftPackageReference "firebase-ios-sdk" */;
			productName = FirebasePerformance;
		};
/* End XCSwiftPackageProductDependency section */
	};
	rootObject = 54149EFA2CE38D330083C342 /* Project object */;
}
